
Microsoft Visual Studio Solution File, Format Version 12.00
# Visual Studio Version 16
VisualStudioVersion = 16.0.30804.86
MinimumVisualStudioVersion = 10.0.40219.1
Project("{FAE04EC0-301F-11D3-BF4B-00C04F79EFBC}") = "Quarantine", "Quarantine.csproj", "{470D6F76-2810-4571-AEEA-278124186961}"
EndProject
Global
	GlobalSection(SolutionConfigurationPlatforms) = preSolution
		Debug|Any CPU = Debug|Any CPU
		Release|Any CPU = Release|Any CPU
	EndGlobalSection
	GlobalSection(ProjectConfigurationPlatforms) = postSolution
		{470D6F76-2810-4571-AEEA-278124186961}.Debug|Any CPU.ActiveCfg = Debug|Any CPU
		{470D6F76-2810-4571-AEEA-278124186961}.Debug|Any CPU.Build.0 = Debug|Any CPU
		{470D6F76-2810-4571-AEEA-278124186961}.Release|Any CPU.ActiveCfg = Release|Any CPU
		{470D6F76-2810-4571-AEEA-278124186961}.Release|Any CPU.Build.0 = Release|Any CPU
	EndGlobalSection
	GlobalSection(SolutionProperties) = preSolution
		HideSolutionNode = FALSE
	EndGlobalSection
	GlobalSection(ExtensibilityGlobals) = postSolution
		SolutionGuid = {735D9DA1-B3BE-4B08-AAC1-1F1EE0FD2EAA}
	EndGlobalSection
EndGlobal
